{
  "name": "ui-components",
  "version": "1.0.0",
  "lockfileVersion": 2,
  "requires": true,
  "packages": {
    "": {
      "version": "1.0.0",
      "license": "ISC",
      "workspaces": [
        "./packages/*"
      ]
    },
    "node_modules/@ui-components/react": {
      "resolved": "packages/react",
      "link": true
    },
    "node_modules/@ui-components/tokens": {
      "resolved": "packages/tokens",
      "link": true
    },
    "packages/react": {
      "name": "@ui-components/react",
      "version": "1.0.0",
      "license": "ISC",
      "dependencies": {
        "@ui-components/tokens": "^0.0.1"
      }
    },
    "packages/tokens": {
      "name": "@ui-components/tokens",
      "version": "0.0.1"
    }
  },
  "dependencies": {
    "@ui-components/react": {
      "version": "file:packages/react",
      "requires": {
        "@ui-components/tokens": "*"
      }
    },
    "@ui-components/tokens": {
      "version": "file:packages/tokens"
    }
  }
}
